// !$*UTF8*$!
{
	archiveVersion = 1;
	classes = {
	};
	objectVersion = 52;
	objects = {

/* Begin PBXBuildFile section */
		9408EBA826A08D6900FAAF13 /* WordSetFileManager.swift in Sources */ = {isa = PBXBuildFile; fileRef = 9408EBA726A08D6900FAAF13 /* WordSetFileManager.swift */; };
		9441C3A62694129600D1C658 /* WordView.swift in Sources */ = {isa = PBXBuildFile; fileRef = 9441C3A52694129600D1C658 /* WordView.swift */; };
		94B259C22673FD8300EC9909 /* KanjiSenseiApp.swift in Sources */ = {isa = PBXBuildFile; fileRef = 94B259C12673FD8300EC9909 /* KanjiSenseiApp.swift */; };
		94B259C42673FD8300EC9909 /* ContentView.swift in Sources */ = {isa = PBXBuildFile; fileRef = 94B259C32673FD8300EC9909 /* ContentView.swift */; };
		94B259C62673FD8400EC9909 /* Assets.xcassets in Resources */ = {isa = PBXBuildFile; fileRef = 94B259C52673FD8400EC9909 /* Assets.xcassets */; };
		94B259C92673FD8400EC9909 /* Preview Assets.xcassets in Resources */ = {isa = PBXBuildFile; fileRef = 94B259C82673FD8400EC9909 /* Preview Assets.xcassets */; };
		94B259D22673FEF200EC9909 /* Kanji.swift in Sources */ = {isa = PBXBuildFile; fileRef = 94B259D12673FEF200EC9909 /* Kanji.swift */; };
		94B259D52673FF3C00EC9909 /* SwiftSoup in Frameworks */ = {isa = PBXBuildFile; productRef = 94B259D42673FF3C00EC9909 /* SwiftSoup */; };
		94B259D7267400FB00EC9909 /* Words.swift in Sources */ = {isa = PBXBuildFile; fileRef = 94B259D6267400FB00EC9909 /* Words.swift */; };
		94EDDDBF26A098E600B5862C /* WordSetView.swift in Sources */ = {isa = PBXBuildFile; fileRef = 94EDDDBE26A098E600B5862C /* WordSetView.swift */; };
		94FF0E9C26780F0300B47E81 /* URLImageStore in Frameworks */ = {isa = PBXBuildFile; productRef = 94FF0E9B26780F0300B47E81 /* URLImageStore */; };
		94FF0E9E26780F0300B47E81 /* URLImage in Frameworks */ = {isa = PBXBuildFile; productRef = 94FF0E9D26780F0300B47E81 /* URLImage */; };
/* End PBXBuildFile section */

/* Begin PBXFileReference section */
		9408EBA726A08D6900FAAF13 /* WordSetFileManager.swift */ = {isa = PBXFileReference; lastKnownFileType = sourcecode.swift; path = WordSetFileManager.swift; sourceTree = "<group>"; };
		9441C3A52694129600D1C658 /* WordView.swift */ = {isa = PBXFileReference; lastKnownFileType = sourcecode.swift; path = WordView.swift; sourceTree = "<group>"; };
		94B259BE2673FD8300EC9909 /* KanjiSensei.app */ = {isa = PBXFileReference; explicitFileType = wrapper.application; includeInIndex = 0; path = KanjiSensei.app; sourceTree = BUILT_PRODUCTS_DIR; };
		94B259C12673FD8300EC9909 /* KanjiSenseiApp.swift */ = {isa = PBXFileReference; lastKnownFileType = sourcecode.swift; path = KanjiSenseiApp.swift; sourceTree = "<group>"; };
		94B259C32673FD8300EC9909 /* ContentView.swift */ = {isa = PBXFileReference; lastKnownFileType = sourcecode.swift; path = ContentView.swift; sourceTree = "<group>"; };
		94B259C52673FD8400EC9909 /* Assets.xcassets */ = {isa = PBXFileReference; lastKnownFileType = folder.assetcatalog; path = Assets.xcassets; sourceTree = "<group>"; };
		94B259C82673FD8400EC9909 /* Preview Assets.xcassets */ = {isa = PBXFileReference; lastKnownFileType = folder.assetcatalog; path = "Preview Assets.xcassets"; sourceTree = "<group>"; };
		94B259CA2673FD8400EC9909 /* Info.plist */ = {isa = PBXFileReference; lastKnownFileType = text.plist.xml; path = Info.plist; sourceTree = "<group>"; };
		94B259CB2673FD8400EC9909 /* KanjiSensei.entitlements */ = {isa = PBXFileReference; lastKnownFileType = text.plist.entitlements; path = KanjiSensei.entitlements; sourceTree = "<group>"; };
		94B259D12673FEF200EC9909 /* Kanji.swift */ = {isa = PBXFileReference; lastKnownFileType = sourcecode.swift; path = Kanji.swift; sourceTree = "<group>"; };
		94B259D6267400FB00EC9909 /* Words.swift */ = {isa = PBXFileReference; lastKnownFileType = sourcecode.swift; path = Words.swift; sourceTree = "<group>"; };
		94EDDDBE26A098E600B5862C /* WordSetView.swift */ = {isa = PBXFileReference; lastKnownFileType = sourcecode.swift; path = WordSetView.swift; sourceTree = "<group>"; };
/* End PBXFileReference section */

/* Begin PBXFrameworksBuildPhase section */
		94B259BB2673FD8300EC9909 /* Frameworks */ = {
			isa = PBXFrameworksBuildPhase;
			buildActionMask = 2147483647;
			files = (
				94FF0E9C26780F0300B47E81 /* URLImageStore in Frameworks */,
				94FF0E9E26780F0300B47E81 /* URLImage in Frameworks */,
				94B259D52673FF3C00EC9909 /* SwiftSoup in Frameworks */,
			);
			runOnlyForDeploymentPostprocessing = 0;
		};
/* End PBXFrameworksBuildPhase section */

/* Begin PBXGroup section */
		94B259B52673FD8300EC9909 = {
			isa = PBXGroup;
			children = (
				94B259C02673FD8300EC9909 /* KanjiSensei */,
				94B259BF2673FD8300EC9909 /* Products */,
			);
			sourceTree = "<group>";
		};
		94B259BF2673FD8300EC9909 /* Products */ = {
			isa = PBXGroup;
			children = (
				94B259BE2673FD8300EC9909 /* KanjiSensei.app */,
			);
			name = Products;
			sourceTree = "<group>";
		};
		94B259C02673FD8300EC9909 /* KanjiSensei */ = {
			isa = PBXGroup;
			children = (
				94B259C12673FD8300EC9909 /* KanjiSenseiApp.swift */,
				94B259C32673FD8300EC9909 /* ContentView.swift */,
				94EDDDBE26A098E600B5862C /* WordSetView.swift */,
				9441C3A52694129600D1C658 /* WordView.swift */,
				94B259D6267400FB00EC9909 /* Words.swift */,
				94B259D12673FEF200EC9909 /* Kanji.swift */,
				9408EBA726A08D6900FAAF13 /* WordSetFileManager.swift */,
				94B259C52673FD8400EC9909 /* Assets.xcassets */,
				94B259CA2673FD8400EC9909 /* Info.plist */,
				94B259CB2673FD8400EC9909 /* KanjiSensei.entitlements */,
				94B259C72673FD8400EC9909 /* Preview Content */,
			);
			path = KanjiSensei;
			sourceTree = "<group>";
		};
		94B259C72673FD8400EC9909 /* Preview Content */ = {
			isa = PBXGroup;
			children = (
				94B259C82673FD8400EC9909 /* Preview Assets.xcassets */,
			);
			path = "Preview Content";
			sourceTree = "<group>";
		};
/* End PBXGroup section */

/* Begin PBXNativeTarget section */
		94B259BD2673FD8300EC9909 /* KanjiSensei */ = {
			isa = PBXNativeTarget;
			buildConfigurationList = 94B259CE2673FD8400EC9909 /* Build configuration list for PBXNativeTarget "KanjiSensei" */;
			buildPhases = (
				94B259BA2673FD8300EC9909 /* Sources */,
				94B259BB2673FD8300EC9909 /* Frameworks */,
				94B259BC2673FD8300EC9909 /* Resources */,
			);
			buildRules = (
			);
			dependencies = (
			);
			name = KanjiSensei;
			packageProductDependencies = (
				94B259D42673FF3C00EC9909 /* SwiftSoup */,
				94FF0E9B26780F0300B47E81 /* URLImageStore */,
				94FF0E9D26780F0300B47E81 /* URLImage */,
			);
			productName = KanjiSensei;
			productReference = 94B259BE2673FD8300EC9909 /* KanjiSensei.app */;
			productType = "com.apple.product-type.application";
		};
/* End PBXNativeTarget section */

/* Begin PBXProject section */
		94B259B62673FD8300EC9909 /* Project object */ = {
			isa = PBXProject;
			attributes = {
				LastSwiftUpdateCheck = 1250;
				LastUpgradeCheck = 1400;
				TargetAttributes = {
					94B259BD2673FD8300EC9909 = {
						CreatedOnToolsVersion = 12.5;
					};
				};
			};
			buildConfigurationList = 94B259B92673FD8300EC9909 /* Build configuration list for PBXProject "KanjiSensei" */;
			compatibilityVersion = "Xcode 9.3";
			developmentRegion = en;
			hasScannedForEncodings = 0;
			knownRegions = (
				en,
				Base,
			);
			mainGroup = 94B259B52673FD8300EC9909;
			packageReferences = (
				94B259D32673FF3C00EC9909 /* XCRemoteSwiftPackageReference "SwiftSoup" */,
				94FF0E9A26780F0300B47E81 /* XCRemoteSwiftPackageReference "url-image" */,
			);
			productRefGroup = 94B259BF2673FD8300EC9909 /* Products */;
			projectDirPath = "";
			projectRoot = "";
			targets = (
				94B259BD2673FD8300EC9909 /* KanjiSensei */,
			);
		};
/* End PBXProject section */

/* Begin PBXResourcesBuildPhase section */
		94B259BC2673FD8300EC9909 /* Resources */ = {
			isa = PBXResourcesBuildPhase;
			buildActionMask = 2147483647;
			files = (
				94B259C92673FD8400EC9909 /* Preview Assets.xcassets in Resources */,
				94B259C62673FD8400EC9909 /* Assets.xcassets in Resources */,
			);
			runOnlyForDeploymentPostprocessing = 0;
		};
/* End PBXResourcesBuildPhase section */

/* Begin PBXSourcesBuildPhase section */
		94B259BA2673FD8300EC9909 /* Sources */ = {
			isa = PBXSourcesBuildPhase;
			buildActionMask = 2147483647;
			files = (
				9408EBA826A08D6900FAAF13 /* WordSetFileManager.swift in Sources */,
				94B259C42673FD8300EC9909 /* ContentView.swift in Sources */,
				9441C3A62694129600D1C658 /* WordView.swift in Sources */,
				94EDDDBF26A098E600B5862C /* WordSetView.swift in Sources */,
				94B259D7267400FB00EC9909 /* Words.swift in Sources */,
				94B259C22673FD8300EC9909 /* KanjiSenseiApp.swift in Sources */,
				94B259D22673FEF200EC9909 /* Kanji.swift in Sources */,
			);
			runOnlyForDeploymentPostprocessing = 0;
		};
/* End PBXSourcesBuildPhase section */

/* Begin XCBuildConfiguration section */
		94B259CC2673FD8400EC9909 /* Debug */ = {
			isa = XCBuildConfiguration;
			buildSettings = {
				ALWAYS_SEARCH_USER_PATHS = NO;
				CLANG_ANALYZER_NONNULL = YES;
				CLANG_ANALYZER_NUMBER_OBJECT_CONVERSION = YES_AGGRESSIVE;
				CLANG_CXX_LANGUAGE_STANDARD = "gnu++14";
				CLANG_CXX_LIBRARY = "libc++";
				CLANG_ENABLE_MODULES = YES;
				CLANG_ENABLE_OBJC_ARC = YES;
				CLANG_ENABLE_OBJC_WEAK = YES;
				CLANG_WARN_BLOCK_CAPTURE_AUTORELEASING = YES;
				CLANG_WARN_BOOL_CONVERSION = YES;
				CLANG_WARN_COMMA = YES;
				CLANG_WARN_CONSTANT_CONVERSION = YES;
				CLANG_WARN_DEPRECATED_OBJC_IMPLEMENTATIONS = YES;
				CLANG_WARN_DIRECT_OBJC_ISA_USAGE = YES_ERROR;
				CLANG_WARN_DOCUMENTATION_COMMENTS = YES;
				CLANG_WARN_EMPTY_BODY = YES;
				CLANG_WARN_ENUM_CONVERSION = YES;
				CLANG_WARN_INFINITE_RECURSION = YES;
				CLANG_WARN_INT_CONVERSION = YES;
				CLANG_WARN_NON_LITERAL_NULL_CONVERSION = YES;
				CLANG_WARN_OBJC_IMPLICIT_RETAIN_SELF = YES;
				CLANG_WARN_OBJC_LITERAL_CONVERSION = YES;
				CLANG_WARN_OBJC_ROOT_CLASS = YES_ERROR;
				CLANG_WARN_QUOTED_INCLUDE_IN_FRAMEWORK_HEADER = YES;
				CLANG_WARN_RANGE_LOOP_ANALYSIS = YES;
				CLANG_WARN_STRICT_PROTOTYPES = YES;
				CLANG_WARN_SUSPICIOUS_MOVE = YES;
				CLANG_WARN_UNGUARDED_AVAILABILITY = YES_AGGRESSIVE;
				CLANG_WARN_UNREACHABLE_CODE = YES;
				CLANG_WARN__DUPLICATE_METHOD_MATCH = YES;
				COPY_PHASE_STRIP = NO;
				DEAD_CODE_STRIPPING = YES;
				DEBUG_INFORMATION_FORMAT = dwarf;
				ENABLE_STRICT_OBJC_MSGSEND = YES;
				ENABLE_TESTABILITY = YES;
				GCC_C_LANGUAGE_STANDARD = gnu11;
				GCC_DYNAMIC_NO_PIC = NO;
				GCC_NO_COMMON_BLOCKS = YES;
				GCC_OPTIMIZATION_LEVEL = 0;
				GCC_PREPROCESSOR_DEFINITIONS = (
					"DEBUG=1",
					"$(inherited)",
				);
				GCC_WARN_64_TO_32_BIT_CONVERSION = YES;
				GCC_WARN_ABOUT_RETURN_TYPE = YES_ERROR;
				GCC_WARN_UNDECLARED_SELECTOR = YES;
				GCC_WARN_UNINITIALIZED_AUTOS = YES_AGGRESSIVE;
				GCC_WARN_UNUSED_FUNCTION = YES;
				GCC_WARN_UNUSED_VARIABLE = YES;
				MACOSX_DEPLOYMENT_TARGET = 11.3;
				MTL_ENABLE_DEBUG_INFO = INCLUDE_SOURCE;
				MTL_FAST_MATH = YES;
				ONLY_ACTIVE_ARCH = YES;
				SDKROOT = macosx;
				SWIFT_ACTIVE_COMPILATION_CONDITIONS = DEBUG;
				SWIFT_OPTIMIZATION_LEVEL = "-Onone";
			};
			name = Debug;
		};
		94B259CD2673FD8400EC9909 /* Release */ = {
			isa = XCBuildConfiguration;
			buildSettings = {
				ALWAYS_SEARCH_USER_PATHS = NO;
				CLANG_ANALYZER_NONNULL = YES;
				CLANG_ANALYZER_NUMBER_OBJECT_CONVERSION = YES_AGGRESSIVE;
				CLANG_CXX_LANGUAGE_STANDARD = "gnu++14";
				CLANG_CXX_LIBRARY = "libc++";
				CLANG_ENABLE_MODULES = YES;
				CLANG_ENABLE_OBJC_ARC = YES;
				CLANG_ENABLE_OBJC_WEAK = YES;
				CLANG_WARN_BLOCK_CAPTURE_AUTORELEASING = YES;
				CLANG_WARN_BOOL_CONVERSION = YES;
				CLANG_WARN_COMMA = YES;
				CLANG_WARN_CONSTANT_CONVERSION = YES;
				CLANG_WARN_DEPRECATED_OBJC_IMPLEMENTATIONS = YES;
				CLANG_WARN_DIRECT_OBJC_ISA_USAGE = YES_ERROR;
				CLANG_WARN_DOCUMENTATION_COMMENTS = YES;
				CLANG_WARN_EMPTY_BODY = YES;
				CLANG_WARN_ENUM_CONVERSION = YES;
				CLANG_WARN_INFINITE_RECURSION = YES;
				CLANG_WARN_INT_CONVERSION = YES;
				CLANG_WARN_NON_LITERAL_NULL_CONVERSION = YES;
				CLANG_WARN_OBJC_IMPLICIT_RETAIN_SELF = YES;
				CLANG_WARN_OBJC_LITERAL_CONVERSION = YES;
				CLANG_WARN_OBJC_ROOT_CLASS = YES_ERROR;
				CLANG_WARN_QUOTED_INCLUDE_IN_FRAMEWORK_HEADER = YES;
				CLANG_WARN_RANGE_LOOP_ANALYSIS = YES;
				CLANG_WARN_STRICT_PROTOTYPES = YES;
				CLANG_WARN_SUSPICIOUS_MOVE = YES;
				CLANG_WARN_UNGUARDED_AVAILABILITY = YES_AGGRESSIVE;
				CLANG_WARN_UNREACHABLE_CODE = YES;
				CLANG_WARN__DUPLICATE_METHOD_MATCH = YES;
				COPY_PHASE_STRIP = NO;
				DEAD_CODE_STRIPPING = YES;
				DEBUG_INFORMATION_FORMAT = "dwarf-with-dsym";
				ENABLE_NS_ASSERTIONS = NO;
				ENABLE_STRICT_OBJC_MSGSEND = YES;
				GCC_C_LANGUAGE_STANDARD = gnu11;
				GCC_NO_COMMON_BLOCKS = YES;
				GCC_WARN_64_TO_32_BIT_CONVERSION = YES;
				GCC_WARN_ABOUT_RETURN_TYPE = YES_ERROR;
				GCC_WARN_UNDECLARED_SELECTOR = YES;
				GCC_WARN_UNINITIALIZED_AUTOS = YES_AGGRESSIVE;
				GCC_WARN_UNUSED_FUNCTION = YES;
				GCC_WARN_UNUSED_VARIABLE = YES;
				MACOSX_DEPLOYMENT_TARGET = 11.3;
				MTL_ENABLE_DEBUG_INFO = NO;
				MTL_FAST_MATH = YES;
				SDKROOT = macosx;
				SWIFT_COMPILATION_MODE = wholemodule;
				SWIFT_OPTIMIZATION_LEVEL = "-O";
			};
			name = Release;
		};
		94B259CF2673FD8400EC9909 /* Debug */ = {
			isa = XCBuildConfiguration;
			buildSettings = {
				ASSETCATALOG_COMPILER_APPICON_NAME = AppIcon;
				ASSETCATALOG_COMPILER_GLOBAL_ACCENT_COLOR_NAME = AccentColor;
				CODE_SIGN_ENTITLEMENTS = KanjiSensei/KanjiSensei.entitlements;
				CODE_SIGN_IDENTITY = "-";
				CODE_SIGN_STYLE = Automatic;
				COMBINE_HIDPI_IMAGES = YES;
				DEAD_CODE_STRIPPING = YES;
				DEVELOPMENT_ASSET_PATHS = "\"KanjiSensei/Preview Content\"";
				ENABLE_PREVIEWS = YES;
				INFOPLIST_FILE = KanjiSensei/Info.plist;
				LD_RUNPATH_SEARCH_PATHS = (
					"$(inherited)",
					"@executable_path/../Frameworks",
				);
				MACOSX_DEPLOYMENT_TARGET = 11.0;
				PRODUCT_BUNDLE_IDENTIFIER = chungmcl.KanjiSensei;
				PRODUCT_NAME = "$(TARGET_NAME)";
				SWIFT_VERSION = 5.0;
			};
			name = Debug;
		};
		94B259D02673FD8400EC9909 /* Release */ = {
			isa = XCBuildConfiguration;
			buildSettings = {
				ASSETCATALOG_COMPILER_APPICON_NAME = AppIcon;
				ASSETCATALOG_COMPILER_GLOBAL_ACCENT_COLOR_NAME = AccentColor;
				CODE_SIGN_ENTITLEMENTS = KanjiSensei/KanjiSensei.entitlements;
				CODE_SIGN_IDENTITY = "-";
				CODE_SIGN_STYLE = Automatic;
				COMBINE_HIDPI_IMAGES = YES;
				DEAD_CODE_STRIPPING = YES;
				DEVELOPMENT_ASSET_PATHS = "\"KanjiSensei/Preview Content\"";
				ENABLE_PREVIEWS = YES;
				INFOPLIST_FILE = KanjiSensei/Info.plist;
				LD_RUNPATH_SEARCH_PATHS = (
					"$(inherited)",
					"@executable_path/../Frameworks",
				);
				MACOSX_DEPLOYMENT_TARGET = 11.0;
				PRODUCT_BUNDLE_IDENTIFIER = chungmcl.KanjiSensei;
				PRODUCT_NAME = "$(TARGET_NAME)";
				SWIFT_VERSION = 5.0;
			};
			name = Release;
		};
/* End XCBuildConfiguration section */

/* Begin XCConfigurationList section */
		94B259B92673FD8300EC9909 /* Build configuration list for PBXProject "KanjiSensei" */ = {
			isa = XCConfigurationList;
			buildConfigurations = (
				94B259CC2673FD8400EC9909 /* Debug */,
				94B259CD2673FD8400EC9909 /* Release */,
			);
			defaultConfigurationIsVisible = 0;
			defaultConfigurationName = Release;
		};
		94B259CE2673FD8400EC9909 /* Build configuration list for PBXNativeTarget "KanjiSensei" */ = {
			isa = XCConfigurationList;
			buildConfigurations = (
				94B259CF2673FD8400EC9909 /* Debug */,
				94B259D02673FD8400EC9909 /* Release */,
			);
			defaultConfigurationIsVisible = 0;
			defaultConfigurationName = Release;
		};
/* End XCConfigurationList section */

/* Begin XCRemoteSwiftPackageReference section */
		94B259D32673FF3C00EC9909 /* XCRemoteSwiftPackageReference "SwiftSoup" */ = {
			isa = XCRemoteSwiftPackageReference;
			repositoryURL = "https://github.com/scinfu/SwiftSoup.git";
			requirement = {
				kind = upToNextMajorVersion;
				minimumVersion = 2.3.2;
			};
		};
		94FF0E9A26780F0300B47E81 /* XCRemoteSwiftPackageReference "url-image" */ = {
			isa = XCRemoteSwiftPackageReference;
			repositoryURL = "https://github.com/dmytro-anokhin/url-image.git";
			requirement = {
				kind = upToNextMajorVersion;
				minimumVersion = 3.1.0;
			};
		};
/* End XCRemoteSwiftPackageReference section */

/* Begin XCSwiftPackageProductDependency section */
		94B259D42673FF3C00EC9909 /* SwiftSoup */ = {
			isa = XCSwiftPackageProductDependency;
			package = 94B259D32673FF3C00EC9909 /* XCRemoteSwiftPackageReference "SwiftSoup" */;
			productName = SwiftSoup;
		};
		94FF0E9B26780F0300B47E81 /* URLImageStore */ = {
			isa = XCSwiftPackageProductDependency;
			package = 94FF0E9A26780F0300B47E81 /* XCRemoteSwiftPackageReference "url-image" */;
			productName = URLImageStore;
		};
		94FF0E9D26780F0300B47E81 /* URLImage */ = {
			isa = XCSwiftPackageProductDependency;
			package = 94FF0E9A26780F0300B47E81 /* XCRemoteSwiftPackageReference "url-image" */;
			productName = URLImage;
		};
/* End XCSwiftPackageProductDependency section */
	};
	rootObject = 94B259B62673FD8300EC9909 /* Project object */;
}
